{
  "name": "phone_app",
  "version": "0.2.0",
  "lockfileVersion": 1,
  "requires": true,
  "dependencies": {
    "bson": {
      "version": "1.0.4",
      "resolved": "https://registry.npmjs.org/bson/-/bson-1.0.4.tgz",
      "integrity": "sha1-k8ENOeqltYQVy8QFLz5T5WKwtyw="
    },
    "coffee-script": {
      "version": "1.1.2",
      "resolved": "https://registry.npmjs.org/coffee-script/-/coffee-script-1.1.2.tgz",
      "integrity": "sha1-pTChnQUMNwVNg65sgEH7oPzWHtM="
    },
    "connect": {
      "version": "1.4.2",
      "resolved": "https://registry.npmjs.org/connect/-/connect-1.4.2.tgz",
      "integrity": "sha1-dTqQ3egRUjPvXrVFs1bvslSmeDw=",
      "requires": {
        "mime": "1.2.4",
        "qs": "0.3.1"
      }
    },
    "express": {
      "version": "2.3.11",
      "resolved": "https://registry.npmjs.org/express/-/express-2.3.11.tgz",
      "integrity": "sha1-Hc06QEMyVlpkyCkHl+GDcHYS8lo=",
      "requires": {
        "connect": "1.4.2",
        "mime": "1.2.4",
        "qs": "0.3.1"
      }
    },
    "express-mongoose": {
      "version": "0.0.4",
      "resolved": "https://registry.npmjs.org/express-mongoose/-/express-mongoose-0.0.4.tgz",
      "integrity": "sha1-/dWiWx6ioVF9icyCMIosSAL0SbI="
    },
    "hooks": {
      "version": "0.1.6",
      "resolved": "https://registry.npmjs.org/hooks/-/hooks-0.1.6.tgz",
      "integrity": "sha1-sZ/2CuBb23+Wqn35uvPFu0WhD8M="
    },
    "jade": {
      "version": "0.12.1",
      "resolved": "https://registry.npmjs.org/jade/-/jade-0.12.1.tgz",
      "integrity": "sha1-qLPCXAr4Zq08xdE1GBns7QXptUQ="
    },
    "mime": {
      "version": "1.2.4",
      "resolved": "https://registry.npmjs.org/mime/-/mime-1.2.4.tgz",
      "integrity": "sha1-EbX9rynCUJJVF2uArVIClPXekrc="
    },
    "mongodb": {
      "version": "3.0.1",
      "resolved": "https://registry.npmjs.org/mongodb/-/mongodb-3.0.1.tgz",
      "integrity": "sha1-J47oAGJX7CJ5hZSmJZVGgl1t4bI=",
      "requires": {
        "mongodb-core": "3.0.1"
      }
    },
    "mongodb-core": {
      "version": "3.0.1",
      "resolved": "https://registry.npmjs.org/mongodb-core/-/mongodb-core-3.0.1.tgz",
      "integrity": "sha1-/23Dbulv9ZaVPYCmhA1nMbyS7+0=",
      "requires": {
        "bson": "1.0.4",
        "require_optional": "1.0.1"
      }
    },
    "mongoose": {
      "version": "1.3.7",
      "resolved": "https://registry.npmjs.org/mongoose/-/mongoose-1.3.7.tgz",
      "integrity": "sha1-S7ai8opGnjyc4lWKsav+XF6LV0w=",
      "requires": {
        "hooks": "0.1.6"
      }
    },
    "policyfile": {
      "version": "0.0.4",
      "resolved": "https://registry.npmjs.org/policyfile/-/policyfile-0.0.4.tgz",
      "integrity": "sha1-1rgurZiueeviKOLa9ZAzEeyYLk0="
    },
    "qs": {
      "version": "0.3.1",
      "resolved": "https://registry.npmjs.org/qs/-/qs-0.3.1.tgz",
      "integrity": "sha1-QocZKFBpOdaynRsZLyDioossafQ="
    },
    "redis": {
      "version": "0.6.6",
      "resolved": "https://registry.npmjs.org/redis/-/redis-0.6.6.tgz",
      "integrity": "sha1-zXfWuqYdO+iQMvshJj0XInesE0g="
    },
    "require_optional": {
      "version": "1.0.1",
      "resolved": "https://registry.npmjs.org/require_optional/-/require_optional-1.0.1.tgz",
      "integrity": "sha512-qhM/y57enGWHAe3v/NcwML6a3/vfESLe/sGM2dII+gEO0BpKRUkWZow/tyloNqJyN6kXSl3RyyM8Ll5D/sJP8g==",
      "requires": {
        "resolve-from": "2.0.0",
        "semver": "5.4.1"
      }
    },
    "resolve-from": {
      "version": "2.0.0",
      "resolved": "https://registry.npmjs.org/resolve-from/-/resolve-from-2.0.0.tgz",
      "integrity": "sha1-lICrIOlP+h2egKgEx+oUdhGWa1c="
    },
    "semver": {
      "version": "5.4.1",
      "resolved": "https://registry.npmjs.org/semver/-/semver-5.4.1.tgz",
      "integrity": "sha512-WfG/X9+oATh81XtllIo/I8gOiY9EXRdv1cQdyykeXK17YcUW3EXUAi2To4pcH6nZtJPr7ZOpM5OMyWJZm+8Rsg=="
    },
    "socket.io": {
      "version": "0.8.0",
      "resolved": "https://registry.npmjs.org/socket.io/-/socket.io-0.8.0.tgz",
      "integrity": "sha1-2FjXMuyt4+2oQpph3Pvb54pGKj8=",
      "requires": {
        "policyfile": "0.0.4",
        "redis": "0.6.6",
        "socket.io-client": "0.8.0"
      }
    },
    "socket.io-client": {
      "version": "0.8.0",
      "resolved": "https://registry.npmjs.org/socket.io-client/-/socket.io-client-0.8.0.tgz",
      "integrity": "sha1-Fkw07IuTujzNbDm03HBqho+CjUE=",
      "requires": {
        "uglify-js": "1.0.6",
        "websocket-client": "1.0.0",
        "xmlhttprequest": "1.2.2"
      }
    },
    "uglify-js": {
      "version": "1.0.6",
      "resolved": "https://registry.npmjs.org/uglify-js/-/uglify-js-1.0.6.tgz",
      "integrity": "sha1-8NOq/UY/JqQ3uevBn0lHq36AeKo="
    },
    "websocket-client": {
      "version": "1.0.0",
      "resolved": "https://registry.npmjs.org/websocket-client/-/websocket-client-1.0.0.tgz",
      "integrity": "sha1-+HJ6J1ayMk0f0bceTbTJincAfNo="
    },
    "xmlhttprequest": {
      "version": "1.2.2",
      "resolved": "https://registry.npmjs.org/xmlhttprequest/-/xmlhttprequest-1.2.2.tgz",
      "integrity": "sha1-6Idb2xOvfCKwTLsDTKrfj/ImdqM="
    }
  }
}
